
Microsoft Visual Studio Solution File, Format Version 12.00
# Visual Studio Version 17
VisualStudioVersion = 17.3.32811.315
MinimumVisualStudioVersion = 10.0.40219.1
Project("{FAE04EC0-301F-11D3-BF4B-00C04F79EFBC}") = "1260-DubinJustin-Lab2", "1260-DubinJustin-Lab2\1260-DubinJustin-Lab2.csproj", "{F5F7947B-655D-4FE3-940A-4F2F634DE50E}"
EndProject
Global
	GlobalSection(SolutionConfigurationPlatforms) = preSolution
		Debug|Any CPU = Debug|Any CPU
		Release|Any CPU = Release|Any CPU
	EndGlobalSection
	GlobalSection(ProjectConfigurationPlatforms) = postSolution
		{F5F7947B-655D-4FE3-940A-4F2F634DE50E}.Debug|Any CPU.ActiveCfg = Debug|Any CPU
		{F5F7947B-655D-4FE3-940A-4F2F634DE50E}.Debug|Any CPU.Build.0 = Debug|Any CPU
		{F5F7947B-655D-4FE3-940A-4F2F634DE50E}.Release|Any CPU.ActiveCfg = Release|Any CPU
		{F5F7947B-655D-4FE3-940A-4F2F634DE50E}.Release|Any CPU.Build.0 = Release|Any CPU
	EndGlobalSection
	GlobalSection(SolutionProperties) = preSolution
		HideSolutionNode = FALSE
	EndGlobalSection
	GlobalSection(ExtensibilityGlobals) = postSolution
		SolutionGuid = {E3BAB207-ED0F-4721-B863-84271B3606AB}
	EndGlobalSection
EndGlobal
